
Microsoft Visual Studio Solution File, Format Version 12.00
# Visual Studio Version 16
VisualStudioVersion = 16.0.31019.35
MinimumVisualStudioVersion = 10.0.40219.1
Project("{FAE04EC0-301F-11D3-BF4B-00C04F79EFBC}") = "ProjectProdutosHerança", "ProjectProdutosHerança\ProjectProdutosHerança.csproj", "{46974E11-2152-4E33-A4D6-E15F1C3BAF41}"
EndProject
Global
	GlobalSection(SolutionConfigurationPlatforms) = preSolution
		Debug|Any CPU = Debug|Any CPU
		Release|Any CPU = Release|Any CPU
	EndGlobalSection
	GlobalSection(ProjectConfigurationPlatforms) = postSolution
		{46974E11-2152-4E33-A4D6-E15F1C3BAF41}.Debug|Any CPU.ActiveCfg = Debug|Any CPU
		{46974E11-2152-4E33-A4D6-E15F1C3BAF41}.Debug|Any CPU.Build.0 = Debug|Any CPU
		{46974E11-2152-4E33-A4D6-E15F1C3BAF41}.Release|Any CPU.ActiveCfg = Release|Any CPU
		{46974E11-2152-4E33-A4D6-E15F1C3BAF41}.Release|Any CPU.Build.0 = Release|Any CPU
	EndGlobalSection
	GlobalSection(SolutionProperties) = preSolution
		HideSolutionNode = FALSE
	EndGlobalSection
	GlobalSection(ExtensibilityGlobals) = postSolution
		SolutionGuid = {317DEDB9-632B-419D-B73B-9CEB000161F7}
	EndGlobalSection
EndGlobal
